
Microsoft Visual Studio Solution File, Format Version 12.00
# Visual Studio Version 16
VisualStudioVersion = 16.0.31702.278
MinimumVisualStudioVersion = 10.0.40219.1
Project("{FAE04EC0-301F-11D3-BF4B-00C04F79EFBC}") = "hello Sharp", "hello Sharp.csproj", "{1F1D7BC1-A189-4079-A33B-560C52183442}"
EndProject
Global
	GlobalSection(SolutionConfigurationPlatforms) = preSolution
		Debug|Any CPU = Debug|Any CPU
		Release|Any CPU = Release|Any CPU
	EndGlobalSection
	GlobalSection(ProjectConfigurationPlatforms) = postSolution
		{1F1D7BC1-A189-4079-A33B-560C52183442}.Debug|Any CPU.ActiveCfg = Debug|Any CPU
		{1F1D7BC1-A189-4079-A33B-560C52183442}.Debug|Any CPU.Build.0 = Debug|Any CPU
		{1F1D7BC1-A189-4079-A33B-560C52183442}.Release|Any CPU.ActiveCfg = Release|Any CPU
		{1F1D7BC1-A189-4079-A33B-560C52183442}.Release|Any CPU.Build.0 = Release|Any CPU
	EndGlobalSection
	GlobalSection(SolutionProperties) = preSolution
		HideSolutionNode = FALSE
	EndGlobalSection
	GlobalSection(ExtensibilityGlobals) = postSolution
		SolutionGuid = {D2231B54-4165-4FBD-9880-E37B205FEF4A}
	EndGlobalSection
EndGlobal
